
Microsoft Visual Studio Solution File, Format Version 12.00
# Visual Studio Version 16
VisualStudioVersion = 16.0.34601.136
MinimumVisualStudioVersion = 10.0.40219.1
Project("{FAE04EC0-301F-11D3-BF4B-00C04F79EFBC}") = "PriorityQueue", "PriorityQueue\PriorityQueue.csproj", "{BBD8EB76-B99D-4400-A580-22E008376F19}"
EndProject
Project("{FAE04EC0-301F-11D3-BF4B-00C04F79EFBC}") = "DRIVER", "DRIVER\DRIVER.csproj", "{1CA2A57B-7855-47A0-8556-FC2CBE829653}"
EndProject
Global
	GlobalSection(SolutionConfigurationPlatforms) = preSolution
		Debug|Any CPU = Debug|Any CPU
		Release|Any CPU = Release|Any CPU
	EndGlobalSection
	GlobalSection(ProjectConfigurationPlatforms) = postSolution
		{BBD8EB76-B99D-4400-A580-22E008376F19}.Debug|Any CPU.ActiveCfg = Debug|Any CPU
		{BBD8EB76-B99D-4400-A580-22E008376F19}.Debug|Any CPU.Build.0 = Debug|Any CPU
		{BBD8EB76-B99D-4400-A580-22E008376F19}.Release|Any CPU.ActiveCfg = Release|Any CPU
		{BBD8EB76-B99D-4400-A580-22E008376F19}.Release|Any CPU.Build.0 = Release|Any CPU
		{1CA2A57B-7855-47A0-8556-FC2CBE829653}.Debug|Any CPU.ActiveCfg = Debug|Any CPU
		{1CA2A57B-7855-47A0-8556-FC2CBE829653}.Debug|Any CPU.Build.0 = Debug|Any CPU
		{1CA2A57B-7855-47A0-8556-FC2CBE829653}.Release|Any CPU.ActiveCfg = Release|Any CPU
		{1CA2A57B-7855-47A0-8556-FC2CBE829653}.Release|Any CPU.Build.0 = Release|Any CPU
	EndGlobalSection
	GlobalSection(SolutionProperties) = preSolution
		HideSolutionNode = FALSE
	EndGlobalSection
	GlobalSection(ExtensibilityGlobals) = postSolution
		SolutionGuid = {8962B731-B59D-4062-A74A-C05C067FC1B5}
	EndGlobalSection
EndGlobal
